
Microsoft Visual Studio Solution File, Format Version 12.00
# Visual Studio Version 17
VisualStudioVersion = 17.0.31903.59
MinimumVisualStudioVersion = 10.0.40219.1
Project("{2150E333-8FDC-42A3-9474-1A3956D46DE8}") = "src", "src", "{A3FAE216-3425-4336-87D1-2CDECB1E4A4E}"
EndProject
Project("{FAE04EC0-301F-11D3-BF4B-00C04F79EFBC}") = "NhiPasFhir", "src\NhiPasFhir\NhiPasFhir.csproj", "{94D45D31-1055-4433-9115-302A37FCBEFC}"
EndProject
Project("{2150E333-8FDC-42A3-9474-1A3956D46DE8}") = "tests", "tests", "{D967F54E-0102-494E-9B9D-573A16A87A10}"
EndProject
Project("{FAE04EC0-301F-11D3-BF4B-00C04F79EFBC}") = "NhiPasFhir.Tests", "tests\NhiPasFhir.Tests\NhiPasFhir.Tests.csproj", "{B3C6BED5-A2AE-4C0B-A66C-F0ADF044B3B1}"
EndProject
Project("{2150E333-8FDC-42A3-9474-1A3956D46DE8}") = "samples", "samples", "{D09CAD75-EBEB-4767-91BF-F519105003B6}"
EndProject
Project("{FAE04EC0-301F-11D3-BF4B-00C04F79EFBC}") = "Emit", "samples\Emit\Emit.csproj", "{001A852F-03FC-4B78-B311-8A8D5CDD8581}"
EndProject
Project("{FAE04EC0-301F-11D3-BF4B-00C04F79EFBC}") = "MediaTool", "samples\MediaTool\MediaTool.csproj", "{ADFA648A-52CE-43D4-8EBA-D4AA08E9A3D0}"
EndProject
Project("{FAE04EC0-301F-11D3-BF4B-00C04F79EFBC}") = "NhiPasFhir.Ingest", "src\NhiPasFhir.Ingest\NhiPasFhir.Ingest.csproj", "{B93FE366-0115-4375-B9EC-FA0977299D05}"
EndProject
Project("{FAE04EC0-301F-11D3-BF4B-00C04F79EFBC}") = "NhiPasFhir.CardReader", "src\NhiPasFhir.CardReader\NhiPasFhir.CardReader.csproj", "{B5BD59A0-82D6-48AD-990E-D960454BDA7B}"
EndProject
Project("{FAE04EC0-301F-11D3-BF4B-00C04F79EFBC}") = "DragonDemo", "samples\DragonDemo\DragonDemo.csproj", "{5D052D59-9B99-42E8-BB7A-61A1278213F4}"
EndProject
Project("{FAE04EC0-301F-11D3-BF4B-00C04F79EFBC}") = "CardHelper", "samples\CardHelper\CardHelper.csproj", "{6C89CE4B-061B-477D-8353-96B49F806D4B}"
EndProject
Project("{FAE04EC0-301F-11D3-BF4B-00C04F79EFBC}") = "CardWebUI", "samples\CardWebUI\CardWebUI.csproj", "{80FAA273-BEC3-4955-B65F-8693E83E1C36}"
EndProject
Global
	GlobalSection(SolutionConfigurationPlatforms) = preSolution
		Debug|Any CPU = Debug|Any CPU
		Release|Any CPU = Release|Any CPU
	EndGlobalSection
	GlobalSection(SolutionProperties) = preSolution
		HideSolutionNode = FALSE
	EndGlobalSection
	GlobalSection(ProjectConfigurationPlatforms) = postSolution
		{94D45D31-1055-4433-9115-302A37FCBEFC}.Debug|Any CPU.ActiveCfg = Debug|Any CPU
		{94D45D31-1055-4433-9115-302A37FCBEFC}.Debug|Any CPU.Build.0 = Debug|Any CPU
		{94D45D31-1055-4433-9115-302A37FCBEFC}.Release|Any CPU.ActiveCfg = Release|Any CPU
		{94D45D31-1055-4433-9115-302A37FCBEFC}.Release|Any CPU.Build.0 = Release|Any CPU
		{B3C6BED5-A2AE-4C0B-A66C-F0ADF044B3B1}.Debug|Any CPU.ActiveCfg = Debug|Any CPU
		{B3C6BED5-A2AE-4C0B-A66C-F0ADF044B3B1}.Debug|Any CPU.Build.0 = Debug|Any CPU
		{B3C6BED5-A2AE-4C0B-A66C-F0ADF044B3B1}.Release|Any CPU.ActiveCfg = Release|Any CPU
		{B3C6BED5-A2AE-4C0B-A66C-F0ADF044B3B1}.Release|Any CPU.Build.0 = Release|Any CPU
		{001A852F-03FC-4B78-B311-8A8D5CDD8581}.Debug|Any CPU.ActiveCfg = Debug|Any CPU
		{001A852F-03FC-4B78-B311-8A8D5CDD8581}.Debug|Any CPU.Build.0 = Debug|Any CPU
		{001A852F-03FC-4B78-B311-8A8D5CDD8581}.Release|Any CPU.ActiveCfg = Release|Any CPU
		{001A852F-03FC-4B78-B311-8A8D5CDD8581}.Release|Any CPU.Build.0 = Release|Any CPU
		{ADFA648A-52CE-43D4-8EBA-D4AA08E9A3D0}.Debug|Any CPU.ActiveCfg = Debug|Any CPU
		{ADFA648A-52CE-43D4-8EBA-D4AA08E9A3D0}.Debug|Any CPU.Build.0 = Debug|Any CPU
		{ADFA648A-52CE-43D4-8EBA-D4AA08E9A3D0}.Release|Any CPU.ActiveCfg = Release|Any CPU
		{ADFA648A-52CE-43D4-8EBA-D4AA08E9A3D0}.Release|Any CPU.Build.0 = Release|Any CPU
		{B93FE366-0115-4375-B9EC-FA0977299D05}.Debug|Any CPU.ActiveCfg = Debug|Any CPU
		{B93FE366-0115-4375-B9EC-FA0977299D05}.Debug|Any CPU.Build.0 = Debug|Any CPU
		{B93FE366-0115-4375-B9EC-FA0977299D05}.Release|Any CPU.ActiveCfg = Release|Any CPU
		{B93FE366-0115-4375-B9EC-FA0977299D05}.Release|Any CPU.Build.0 = Release|Any CPU
		{B5BD59A0-82D6-48AD-990E-D960454BDA7B}.Debug|Any CPU.ActiveCfg = Debug|Any CPU
		{B5BD59A0-82D6-48AD-990E-D960454BDA7B}.Debug|Any CPU.Build.0 = Debug|Any CPU
		{B5BD59A0-82D6-48AD-990E-D960454BDA7B}.Release|Any CPU.ActiveCfg = Release|Any CPU
		{B5BD59A0-82D6-48AD-990E-D960454BDA7B}.Release|Any CPU.Build.0 = Release|Any CPU
		{5D052D59-9B99-42E8-BB7A-61A1278213F4}.Debug|Any CPU.ActiveCfg = Debug|Any CPU
		{5D052D59-9B99-42E8-BB7A-61A1278213F4}.Debug|Any CPU.Build.0 = Debug|Any CPU
		{5D052D59-9B99-42E8-BB7A-61A1278213F4}.Release|Any CPU.ActiveCfg = Release|Any CPU
		{5D052D59-9B99-42E8-BB7A-61A1278213F4}.Release|Any CPU.Build.0 = Release|Any CPU
		{6C89CE4B-061B-477D-8353-96B49F806D4B}.Debug|Any CPU.ActiveCfg = Debug|Any CPU
		{6C89CE4B-061B-477D-8353-96B49F806D4B}.Debug|Any CPU.Build.0 = Debug|Any CPU
		{6C89CE4B-061B-477D-8353-96B49F806D4B}.Release|Any CPU.ActiveCfg = Release|Any CPU
		{6C89CE4B-061B-477D-8353-96B49F806D4B}.Release|Any CPU.Build.0 = Release|Any CPU
		{80FAA273-BEC3-4955-B65F-8693E83E1C36}.Debug|Any CPU.ActiveCfg = Debug|Any CPU
		{80FAA273-BEC3-4955-B65F-8693E83E1C36}.Debug|Any CPU.Build.0 = Debug|Any CPU
		{80FAA273-BEC3-4955-B65F-8693E83E1C36}.Release|Any CPU.ActiveCfg = Release|Any CPU
		{80FAA273-BEC3-4955-B65F-8693E83E1C36}.Release|Any CPU.Build.0 = Release|Any CPU
	EndGlobalSection
	GlobalSection(NestedProjects) = preSolution
		{94D45D31-1055-4433-9115-302A37FCBEFC} = {A3FAE216-3425-4336-87D1-2CDECB1E4A4E}
		{B3C6BED5-A2AE-4C0B-A66C-F0ADF044B3B1} = {D967F54E-0102-494E-9B9D-573A16A87A10}
		{001A852F-03FC-4B78-B311-8A8D5CDD8581} = {D09CAD75-EBEB-4767-91BF-F519105003B6}
		{ADFA648A-52CE-43D4-8EBA-D4AA08E9A3D0} = {D09CAD75-EBEB-4767-91BF-F519105003B6}
		{B93FE366-0115-4375-B9EC-FA0977299D05} = {A3FAE216-3425-4336-87D1-2CDECB1E4A4E}
		{B5BD59A0-82D6-48AD-990E-D960454BDA7B} = {A3FAE216-3425-4336-87D1-2CDECB1E4A4E}
		{5D052D59-9B99-42E8-BB7A-61A1278213F4} = {D09CAD75-EBEB-4767-91BF-F519105003B6}
		{6C89CE4B-061B-477D-8353-96B49F806D4B} = {D09CAD75-EBEB-4767-91BF-F519105003B6}
		{80FAA273-BEC3-4955-B65F-8693E83E1C36} = {D09CAD75-EBEB-4767-91BF-F519105003B6}
	EndGlobalSection
EndGlobal
