
Microsoft Visual Studio Solution File, Format Version 12.00
# Visual Studio Version 17
VisualStudioVersion = 17.0.31903.59
MinimumVisualStudioVersion = 10.0.40219.1
Project("{2150E333-8FDC-42A3-9474-1A3956D46DE8}") = "src", "src", "{A3FAE216-3425-4336-87D1-2CDECB1E4A4E}"
EndProject
Project("{FAE04EC0-301F-11D3-BF4B-00C04F79EFBC}") = "NhiPasFhir", "src\NhiPasFhir\NhiPasFhir.csproj", "{94D45D31-1055-4433-9115-302A37FCBEFC}"
EndProject
Project("{2150E333-8FDC-42A3-9474-1A3956D46DE8}") = "tests", "tests", "{D967F54E-0102-494E-9B9D-573A16A87A10}"
EndProject
Project("{FAE04EC0-301F-11D3-BF4B-00C04F79EFBC}") = "NhiPasFhir.Tests", "tests\NhiPasFhir.Tests\NhiPasFhir.Tests.csproj", "{B3C6BED5-A2AE-4C0B-A66C-F0ADF044B3B1}"
EndProject
Project("{2150E333-8FDC-42A3-9474-1A3956D46DE8}") = "samples", "samples", "{D09CAD75-EBEB-4767-91BF-F519105003B6}"
EndProject
Project("{FAE04EC0-301F-11D3-BF4B-00C04F79EFBC}") = "Emit", "samples\Emit\Emit.csproj", "{001A852F-03FC-4B78-B311-8A8D5CDD8581}"
EndProject
Project("{FAE04EC0-301F-11D3-BF4B-00C04F79EFBC}") = "MediaTool", "samples\MediaTool\MediaTool.csproj", "{ADFA648A-52CE-43D4-8EBA-D4AA08E9A3D0}"
EndProject
Global
	GlobalSection(SolutionConfigurationPlatforms) = preSolution
		Debug|Any CPU = Debug|Any CPU
		Release|Any CPU = Release|Any CPU
	EndGlobalSection
	GlobalSection(SolutionProperties) = preSolution
		HideSolutionNode = FALSE
	EndGlobalSection
	GlobalSection(ProjectConfigurationPlatforms) = postSolution
		{94D45D31-1055-4433-9115-302A37FCBEFC}.Debug|Any CPU.ActiveCfg = Debug|Any CPU
		{94D45D31-1055-4433-9115-302A37FCBEFC}.Debug|Any CPU.Build.0 = Debug|Any CPU
		{94D45D31-1055-4433-9115-302A37FCBEFC}.Release|Any CPU.ActiveCfg = Release|Any CPU
		{94D45D31-1055-4433-9115-302A37FCBEFC}.Release|Any CPU.Build.0 = Release|Any CPU
		{B3C6BED5-A2AE-4C0B-A66C-F0ADF044B3B1}.Debug|Any CPU.ActiveCfg = Debug|Any CPU
		{B3C6BED5-A2AE-4C0B-A66C-F0ADF044B3B1}.Debug|Any CPU.Build.0 = Debug|Any CPU
		{B3C6BED5-A2AE-4C0B-A66C-F0ADF044B3B1}.Release|Any CPU.ActiveCfg = Release|Any CPU
		{B3C6BED5-A2AE-4C0B-A66C-F0ADF044B3B1}.Release|Any CPU.Build.0 = Release|Any CPU
		{001A852F-03FC-4B78-B311-8A8D5CDD8581}.Debug|Any CPU.ActiveCfg = Debug|Any CPU
		{001A852F-03FC-4B78-B311-8A8D5CDD8581}.Debug|Any CPU.Build.0 = Debug|Any CPU
		{001A852F-03FC-4B78-B311-8A8D5CDD8581}.Release|Any CPU.ActiveCfg = Release|Any CPU
		{001A852F-03FC-4B78-B311-8A8D5CDD8581}.Release|Any CPU.Build.0 = Release|Any CPU
		{ADFA648A-52CE-43D4-8EBA-D4AA08E9A3D0}.Debug|Any CPU.ActiveCfg = Debug|Any CPU
		{ADFA648A-52CE-43D4-8EBA-D4AA08E9A3D0}.Debug|Any CPU.Build.0 = Debug|Any CPU
		{ADFA648A-52CE-43D4-8EBA-D4AA08E9A3D0}.Release|Any CPU.ActiveCfg = Release|Any CPU
		{ADFA648A-52CE-43D4-8EBA-D4AA08E9A3D0}.Release|Any CPU.Build.0 = Release|Any CPU
	EndGlobalSection
	GlobalSection(NestedProjects) = preSolution
		{94D45D31-1055-4433-9115-302A37FCBEFC} = {A3FAE216-3425-4336-87D1-2CDECB1E4A4E}
		{B3C6BED5-A2AE-4C0B-A66C-F0ADF044B3B1} = {D967F54E-0102-494E-9B9D-573A16A87A10}
		{001A852F-03FC-4B78-B311-8A8D5CDD8581} = {D09CAD75-EBEB-4767-91BF-F519105003B6}
		{ADFA648A-52CE-43D4-8EBA-D4AA08E9A3D0} = {D09CAD75-EBEB-4767-91BF-F519105003B6}
	EndGlobalSection
EndGlobal
